
Microsoft Visual Studio Solution File, Format Version 12.00
# Visual Studio 14
VisualStudioVersion = 14.0.25420.1
MinimumVisualStudioVersion = 10.0.40219.1
Project("{2150E333-8FDC-42A3-9474-1A3956D46DE8}") = "src", "src", "{78820675-B596-4AC0-91F3-8913AB33ADEC}"
EndProject
Project("{2150E333-8FDC-42A3-9474-1A3956D46DE8}") = "Solution Items", "Solution Items", "{E810622C-75E0-4A65-8EE6-5D5B9955B1AE}"
	ProjectSection(SolutionItems) = preProject
		global.json = global.json
	EndProjectSection
EndProject
Project("{8BB2217D-0F2D-49D1-97BC-3654ED321F3B}") = "SlackReporting", "src\SlackReporting\SlackReporting.xproj", "{100FC281-EB55-4F0A-A127-81A19D228151}"
EndProject
Global
	GlobalSection(SolutionConfigurationPlatforms) = preSolution
		Debug|Any CPU = Debug|Any CPU
		Release|Any CPU = Release|Any CPU
	EndGlobalSection
	GlobalSection(ProjectConfigurationPlatforms) = postSolution
		{100FC281-EB55-4F0A-A127-81A19D228151}.Debug|Any CPU.ActiveCfg = Debug|Any CPU
		{100FC281-EB55-4F0A-A127-81A19D228151}.Debug|Any CPU.Build.0 = Debug|Any CPU
		{100FC281-EB55-4F0A-A127-81A19D228151}.Release|Any CPU.ActiveCfg = Release|Any CPU
		{100FC281-EB55-4F0A-A127-81A19D228151}.Release|Any CPU.Build.0 = Release|Any CPU
	EndGlobalSection
	GlobalSection(SolutionProperties) = preSolution
		HideSolutionNode = FALSE
	EndGlobalSection
	GlobalSection(NestedProjects) = preSolution
		{100FC281-EB55-4F0A-A127-81A19D228151} = {78820675-B596-4AC0-91F3-8913AB33ADEC}
	EndGlobalSection
EndGlobal
